{
  "name": "@types/sow-web-ui",
  "version": "0.0.1",
  "lockfileVersion": 1,
  "requires": true,
  "dependencies": {
    "@types/cookiejar": {
      "version": "2.1.1",
      "resolved": "https://registry.npmjs.org/@types/cookiejar/-/cookiejar-2.1.1.tgz",
      "integrity": "sha512-aRnpPa7ysx3aNW60hTiCtLHlQaIFsXFCgQlpakNgDNVFzbtusSY8PwjAQgRWfSk0ekNoBjO51eQRB6upA9uuyw==",
      "dev": true
    },
    "@types/datatables.net": {
      "version": "1.10.19",
      "resolved": "https://registry.npmjs.org/@types/datatables.net/-/datatables.net-1.10.19.tgz",
      "integrity": "sha512-WuzgytEmsIpVYZbkce+EvK1UqBI7/cwcC/WgYeAtXdq2zi+yWzJwMT5Yb6irAiOi52DBjeAEeRt3bYzFYvHWCQ==",
      "dev": true,
      "requires": {
        "@types/jquery": "*"
      }
    },
    "@types/handsontable": {
      "version": "0.35.0",
      "resolved": "https://registry.npmjs.org/@types/handsontable/-/handsontable-0.35.0.tgz",
      "integrity": "sha512-EuuxRXI4k4xcgyrNCAXjaO3xcfsGnGON2zSn8UG3mCD1IbwWxqKULdA/yDOG36+fKl/NOjDvjtyp3UtBJhIYGQ==",
      "dev": true,
      "requires": {
        "handsontable": "*"
      }
    },
    "@types/jquery": {
      "version": "3.5.1",
      "resolved": "https://registry.npmjs.org/@types/jquery/-/jquery-3.5.1.tgz",
      "integrity": "sha512-Tyctjh56U7eX2b9udu3wG853ASYP0uagChJcQJXLUXEU6C/JiW5qt5dl8ao01VRj1i5pgXPAf8f1mq4+FDLRQg==",
      "dev": true,
      "requires": {
        "@types/sizzle": "*"
      }
    },
    "@types/jqueryui": {
      "version": "1.12.13",
      "resolved": "https://registry.npmjs.org/@types/jqueryui/-/jqueryui-1.12.13.tgz",
      "integrity": "sha512-IIOytTkwN6mBcJqi5SP8T8zqDGKy9hIpifQ0aGj1/ZjqshOoMo0yZdLp2uLIg7mQDJOwMCSC3EY1QZC/qZzvLQ==",
      "dev": true,
      "requires": {
        "@types/jquery": "*"
      }
    },
    "@types/node": {
      "version": "14.11.2",
      "resolved": "https://registry.npmjs.org/@types/node/-/node-14.11.2.tgz",
      "integrity": "sha512-jiE3QIxJ8JLNcb1Ps6rDbysDhN4xa8DJJvuC9prr6w+1tIh+QAbYyNF3tyiZNLDBIuBCf4KEcV2UvQm/V60xfA==",
      "dev": true
    },
    "@types/pikaday": {
      "version": "1.7.4",
      "resolved": "https://registry.npmjs.org/@types/pikaday/-/pikaday-1.7.4.tgz",
      "integrity": "sha512-0KsHVyw5pTG829nqG4IRu7m+BFQlFEBdbE/1i3S5182HeKUKv1uEW0gyEmkJVp5i4IV+9pyh23O83+KpRkSQbw==",
      "dev": true,
      "requires": {
        "moment": ">=2.14.0"
      }
    },
    "@types/sizzle": {
      "version": "2.3.3",
      "resolved": "https://registry.npmjs.org/@types/sizzle/-/sizzle-2.3.3.tgz",
      "integrity": "sha512-JYM8x9EGF163bEyhdJBpR2QX1R5naCJHC8ucJylJ3w9/CVBaskdQ8WqBf8MmQrd1kRvp/a4TS8HJ+bxzR7ZJYQ==",
      "dev": true
    },
    "@types/socket.io-client": {
      "version": "1.4.36",
      "resolved": "https://registry.npmjs.org/@types/socket.io-client/-/socket.io-client-1.4.36.tgz",
      "integrity": "sha512-ZJWjtFBeBy1kRSYpVbeGYTElf6BqPQUkXDlHHD4k/42byCN5Rh027f4yARHCink9sKAkbtGZXEAmR0ZCnc2/Ag==",
      "dev": true
    },
    "@types/superagent": {
      "version": "4.1.10",
      "resolved": "https://registry.npmjs.org/@types/superagent/-/superagent-4.1.10.tgz",
      "integrity": "sha512-xAgkb2CMWUMCyVc/3+7iQfOEBE75NvuZeezvmixbUw3nmENf2tCnQkW5yQLTYqvXUQ+R6EXxdqKKbal2zM5V/g==",
      "dev": true,
      "requires": {
        "@types/cookiejar": "*",
        "@types/node": "*"
      }
    },
    "bignumber.js": {
      "version": "8.1.1",
      "resolved": "https://registry.npmjs.org/bignumber.js/-/bignumber.js-8.1.1.tgz",
      "integrity": "sha512-QD46ppGintwPGuL1KqmwhR0O+N2cZUg8JG/VzwI2e28sM9TqHjQB10lI4QAaMHVbLzwVLLAwEglpKPViWX+5NQ==",
      "dev": true
    },
    "chevrotain": {
      "version": "6.5.0",
      "resolved": "https://registry.npmjs.org/chevrotain/-/chevrotain-6.5.0.tgz",
      "integrity": "sha512-BwqQ/AgmKJ8jcMEjaSnfMybnKMgGTrtDKowfTP3pX4jwVy0kNjRsT/AP6h+wC3+3NC+X8X15VWBnTCQlX+wQFg==",
      "dev": true,
      "optional": true,
      "requires": {
        "regexp-to-ast": "0.4.0"
      }
    },
    "core-js": {
      "version": "3.6.5",
      "resolved": "https://registry.npmjs.org/core-js/-/core-js-3.6.5.tgz",
      "integrity": "sha512-vZVEEwZoIsI+vPEuoF9Iqf5H7/M3eeQqWlQnYa8FSKKePuYTf5MWnxb5SDAzCa60b3JBRS5g9b+Dq7b1y/RCrA==",
      "dev": true
    },
    "crypto-js": {
      "version": "4.1.1",
      "resolved": "https://registry.npmjs.org/crypto-js/-/crypto-js-4.1.1.tgz",
      "integrity": "sha512-o2JlM7ydqd3Qk9CA0L4NL6mTzU2sdx96a+oOfPu8Mkl/PK51vSyoi8/rQ8NknZtk44vq15lmhAj9CIAGwgeWKw=="
    },
    "cwserver": {
      "version": "git+https://github.com/safeonlineworld/cwserver.git#c87c237bc01de25da0e45bb600488f99b6c47152",
      "from": "git+https://github.com/safeonlineworld/cwserver.git",
      "requires": {
        "crypto-js": "^4.0.0",
        "destroy": "^1.0.4",
        "dicer": "^0.3.0"
      }
    },
    "destroy": {
      "version": "1.0.4",
      "resolved": "https://registry.npmjs.org/destroy/-/destroy-1.0.4.tgz",
      "integrity": "sha1-l4hXRCxEdJ5CBmE+N5RiBYJqvYA="
    },
    "dicer": {
      "version": "0.3.0",
      "resolved": "https://registry.npmjs.org/dicer/-/dicer-0.3.0.tgz",
      "integrity": "sha512-MdceRRWqltEG2dZqO769g27N/3PXfcKl04VhYnBlo2YhH7zPi88VebsjTKclaOyiuMaGU72hTfw3VkUitGcVCA==",
      "requires": {
        "streamsearch": "0.1.2"
      }
    },
    "dompurify": {
      "version": "2.3.3",
      "resolved": "https://registry.npmjs.org/dompurify/-/dompurify-2.3.3.tgz",
      "integrity": "sha512-dqnqRkPMAjOZE0FogZ+ceJNM2dZ3V/yNOuFB7+39qpO93hHhfRpHw3heYQC7DPK9FqbQTfBKUJhiSfz4MvXYwg==",
      "dev": true
    },
    "handsontable": {
      "version": "10.0.0",
      "resolved": "https://registry.npmjs.org/handsontable/-/handsontable-10.0.0.tgz",
      "integrity": "sha512-h59wvFTzF7Qkc+KVE6MaZTa4Ww+jAnkhIiQFGsE2OcQa/u2Rd1ly2K1gPA82dqZhWDGGRrJAo8jLBQixJbHxPQ==",
      "dev": true,
      "requires": {
        "@types/pikaday": "1.7.4",
        "core-js": "^3.0.0",
        "dompurify": "^2.1.1",
        "hyperformula": "^1.2.0",
        "moment": "2.24.0",
        "numbro": "2.1.2",
        "pikaday": "1.8.0"
      }
    },
    "hyperformula": {
      "version": "1.2.0",
      "resolved": "https://registry.npmjs.org/hyperformula/-/hyperformula-1.2.0.tgz",
      "integrity": "sha512-beBM3MICTPr4U7ppr1Z9eVOyp1Xh7INnil052ZHM/8xwVaLDMlZ+VFRvor4CzouiZlnAZs0PmiwX3k40voxGIA==",
      "dev": true,
      "optional": true,
      "requires": {
        "chevrotain": "^6.5.0",
        "core-js": "^3.6.4",
        "regenerator-runtime": "^0.13.3",
        "tiny-emitter": "^2.1.0",
        "unorm": "^1.6.0"
      }
    },
    "moment": {
      "version": "2.24.0",
      "resolved": "https://registry.npmjs.org/moment/-/moment-2.24.0.tgz",
      "integrity": "sha512-bV7f+6l2QigeBBZSM/6yTNq4P2fNpSWj/0e7jQcy87A8e7o2nAfP/34/2ky5Vw4B9S446EtIhodAzkFCcR4dQg==",
      "dev": true
    },
    "numbro": {
      "version": "2.1.2",
      "resolved": "https://registry.npmjs.org/numbro/-/numbro-2.1.2.tgz",
      "integrity": "sha512-7w833BxZmKGLE9HI0aREtNVRVH6WTYUUlWf4qgA5gKNhPQ4F/MRZ14sc0v8eoLORprk9ZTVwYaLwj8N3Zgxwiw==",
      "dev": true,
      "requires": {
        "bignumber.js": "^8.0.1"
      }
    },
    "pikaday": {
      "version": "1.8.0",
      "resolved": "https://registry.npmjs.org/pikaday/-/pikaday-1.8.0.tgz",
      "integrity": "sha512-SgGxMYX0NHj9oQnMaSyAipr2gOrbB4Lfs/TJTb6H6hRHs39/5c5VZi73Q8hr53+vWjdn6HzkWcj8Vtl3c9ziaA==",
      "dev": true
    },
    "regenerator-runtime": {
      "version": "0.13.9",
      "resolved": "https://registry.npmjs.org/regenerator-runtime/-/regenerator-runtime-0.13.9.tgz",
      "integrity": "sha512-p3VT+cOEgxFsRRA9X4lkI1E+k2/CtnKtU4gcxyaCUreilL/vqI6CdZ3wxVUx3UOUg+gnUOQQcRI7BmSI656MYA==",
      "dev": true,
      "optional": true
    },
    "regexp-to-ast": {
      "version": "0.4.0",
      "resolved": "https://registry.npmjs.org/regexp-to-ast/-/regexp-to-ast-0.4.0.tgz",
      "integrity": "sha512-4qf/7IsIKfSNHQXSwial1IFmfM1Cc/whNBQqRwe0V2stPe7KmN1U0tWQiIx6JiirgSrisjE0eECdNf7Tav1Ntw==",
      "dev": true,
      "optional": true
    },
    "streamsearch": {
      "version": "0.1.2",
      "resolved": "https://registry.npmjs.org/streamsearch/-/streamsearch-0.1.2.tgz",
      "integrity": "sha1-gIudDlb8Jz2Am6VzOOkpkZoanxo="
    },
    "tiny-emitter": {
      "version": "2.1.0",
      "resolved": "https://registry.npmjs.org/tiny-emitter/-/tiny-emitter-2.1.0.tgz",
      "integrity": "sha512-NB6Dk1A9xgQPMoGqC5CVXn123gWyte215ONT5Pp5a0yt4nlEoO1ZWeCwpncaekPHXO60i47ihFnZPiRPjRMq4Q==",
      "dev": true,
      "optional": true
    },
    "typescript": {
      "version": "4.0.3",
      "resolved": "https://registry.npmjs.org/typescript/-/typescript-4.0.3.tgz",
      "integrity": "sha512-tEu6DGxGgRJPb/mVPIZ48e69xCn2yRmCgYmDugAVwmJ6o+0u1RI18eO7E7WBTLYLaEVVOhwQmcdhQHweux/WPg==",
      "dev": true
    },
    "unorm": {
      "version": "1.6.0",
      "resolved": "https://registry.npmjs.org/unorm/-/unorm-1.6.0.tgz",
      "integrity": "sha512-b2/KCUlYZUeA7JFUuRJZPUtr4gZvBh7tavtv4fvk4+KV9pfGiR6CQAQAWl49ZpR3ts2dk4FYkP7EIgDJoiOLDA==",
      "dev": true,
      "optional": true
    }
  }
}
